
Microsoft Visual Studio Solution File, Format Version 12.00
# Visual Studio Version 16
VisualStudioVersion = 16.0.30114.105
MinimumVisualStudioVersion = 10.0.40219.1
Project("{FAE04EC0-301F-11D3-BF4B-00C04F79EFBC}") = "trainingSplitProject.gulf.repositories", "trainingSplitProject.gulf.repositories\trainingSplitProject.gulf.repositories.csproj", "{0999B3D3-932B-4C7C-B518-285A5FDE9D10}"
EndProject
Project("{FAE04EC0-301F-11D3-BF4B-00C04F79EFBC}") = "trainingSplitProject.gulf.business", "trainingSplitProject.gulf.business\trainingSplitProject.gulf.business.csproj", "{CBE2BAFC-D4F9-4349-ADDB-FF7973E712AF}"
EndProject
Project("{FAE04EC0-301F-11D3-BF4B-00C04F79EFBC}") = "trainingSplitProject.gulf.model", "trainingSplitProject.gulf.model\trainingSplitProject.gulf.model.csproj", "{B12180FB-7FFB-4737-82E2-F6B3FD1982A6}"
EndProject
Project("{FAE04EC0-301F-11D3-BF4B-00C04F79EFBC}") = "trainingSplitProject.gulf.services", "trainingSplitProject.gulf.services\trainingSplitProject.gulf.services.csproj", "{7B0D1ECD-560F-4CD2-A56E-E9240AF01F86}"
EndProject
Global
	GlobalSection(SolutionConfigurationPlatforms) = preSolution
		Debug|Any CPU = Debug|Any CPU
		Release|Any CPU = Release|Any CPU
	EndGlobalSection
	GlobalSection(SolutionProperties) = preSolution
		HideSolutionNode = FALSE
	EndGlobalSection
	GlobalSection(ProjectConfigurationPlatforms) = postSolution
		{0999B3D3-932B-4C7C-B518-285A5FDE9D10}.Debug|Any CPU.ActiveCfg = Debug|Any CPU
		{0999B3D3-932B-4C7C-B518-285A5FDE9D10}.Debug|Any CPU.Build.0 = Debug|Any CPU
		{0999B3D3-932B-4C7C-B518-285A5FDE9D10}.Release|Any CPU.ActiveCfg = Release|Any CPU
		{0999B3D3-932B-4C7C-B518-285A5FDE9D10}.Release|Any CPU.Build.0 = Release|Any CPU
		{CBE2BAFC-D4F9-4349-ADDB-FF7973E712AF}.Debug|Any CPU.ActiveCfg = Debug|Any CPU
		{CBE2BAFC-D4F9-4349-ADDB-FF7973E712AF}.Debug|Any CPU.Build.0 = Debug|Any CPU
		{CBE2BAFC-D4F9-4349-ADDB-FF7973E712AF}.Release|Any CPU.ActiveCfg = Release|Any CPU
		{CBE2BAFC-D4F9-4349-ADDB-FF7973E712AF}.Release|Any CPU.Build.0 = Release|Any CPU
		{B12180FB-7FFB-4737-82E2-F6B3FD1982A6}.Debug|Any CPU.ActiveCfg = Debug|Any CPU
		{B12180FB-7FFB-4737-82E2-F6B3FD1982A6}.Debug|Any CPU.Build.0 = Debug|Any CPU
		{B12180FB-7FFB-4737-82E2-F6B3FD1982A6}.Release|Any CPU.ActiveCfg = Release|Any CPU
		{B12180FB-7FFB-4737-82E2-F6B3FD1982A6}.Release|Any CPU.Build.0 = Release|Any CPU
		{7B0D1ECD-560F-4CD2-A56E-E9240AF01F86}.Debug|Any CPU.ActiveCfg = Debug|Any CPU
		{7B0D1ECD-560F-4CD2-A56E-E9240AF01F86}.Debug|Any CPU.Build.0 = Debug|Any CPU
		{7B0D1ECD-560F-4CD2-A56E-E9240AF01F86}.Release|Any CPU.ActiveCfg = Release|Any CPU
		{7B0D1ECD-560F-4CD2-A56E-E9240AF01F86}.Release|Any CPU.Build.0 = Release|Any CPU
	EndGlobalSection
EndGlobal
